
Microsoft Visual Studio Solution File, Format Version 12.00
# Visual Studio Version 17
VisualStudioVersion = 17.14.36121.58 d17.14
MinimumVisualStudioVersion = 15.0.26124.0
Project("{9A19103F-16F7-4668-BE54-9A1E7A4F7556}") = "KendoNET.DynamicLinq", "src\KendoNET.DynamicLinq.csproj", "{6F75D7FE-0A2C-4586-8152-D25AA61E6CA9}"
EndProject
Project("{9A19103F-16F7-4668-BE54-9A1E7A4F7556}") = "KendoNET.DynamicLinq.ConsoleApp", "test\KendoNET.DynamicLinq.ConsoleApp\KendoNET.DynamicLinq.ConsoleApp.csproj", "{203933AC-8B6F-4E0D-BEAA-8FBFDB488ED6}"
EndProject
Project("{9A19103F-16F7-4668-BE54-9A1E7A4F7556}") = "KendoNET.DynamicLinq.Test", "test\KendoNET.DynamicLinq.Test\KendoNET.DynamicLinq.Test.csproj", "{E3FA5C13-FD73-457B-85F2-30D8BA0CCA82}"
EndProject
Project("{2150E333-8FDC-42A3-9474-1A3956D46DE8}") = "Assets", "Assets", "{531E0EFB-758E-4A9A-B9DB-A27546192F54}"
	ProjectSection(SolutionItems) = preProject
		CHANGELOG.md = CHANGELOG.md
		Icon.png = Icon.png
		LICENSE = LICENSE
		README.md = README.md
	EndProjectSection
EndProject
Project("{FAE04EC0-301F-11D3-BF4B-00C04F79EFBC}") = "KendoNET.DynamicLinq.EFCore", "KendoNET.DynamicLinq.EFCore\KendoNET.DynamicLinq.EFCore.csproj", "{E71AD039-BF32-48A0-8BA7-14AA09082B52}"
EndProject
Global
	GlobalSection(SolutionConfigurationPlatforms) = preSolution
		Debug|Any CPU = Debug|Any CPU
		Debug|x64 = Debug|x64
		Debug|x86 = Debug|x86
		Release|Any CPU = Release|Any CPU
		Release|x64 = Release|x64
		Release|x86 = Release|x86
	EndGlobalSection
	GlobalSection(ProjectConfigurationPlatforms) = postSolution
		{6F75D7FE-0A2C-4586-8152-D25AA61E6CA9}.Debug|Any CPU.ActiveCfg = Debug|Any CPU
		{6F75D7FE-0A2C-4586-8152-D25AA61E6CA9}.Debug|Any CPU.Build.0 = Debug|Any CPU
		{6F75D7FE-0A2C-4586-8152-D25AA61E6CA9}.Debug|x64.ActiveCfg = Debug|Any CPU
		{6F75D7FE-0A2C-4586-8152-D25AA61E6CA9}.Debug|x64.Build.0 = Debug|Any CPU
		{6F75D7FE-0A2C-4586-8152-D25AA61E6CA9}.Debug|x86.ActiveCfg = Debug|Any CPU
		{6F75D7FE-0A2C-4586-8152-D25AA61E6CA9}.Debug|x86.Build.0 = Debug|Any CPU
		{6F75D7FE-0A2C-4586-8152-D25AA61E6CA9}.Release|Any CPU.ActiveCfg = Release|Any CPU
		{6F75D7FE-0A2C-4586-8152-D25AA61E6CA9}.Release|Any CPU.Build.0 = Release|Any CPU
		{6F75D7FE-0A2C-4586-8152-D25AA61E6CA9}.Release|x64.ActiveCfg = Release|Any CPU
		{6F75D7FE-0A2C-4586-8152-D25AA61E6CA9}.Release|x64.Build.0 = Release|Any CPU
		{6F75D7FE-0A2C-4586-8152-D25AA61E6CA9}.Release|x86.ActiveCfg = Release|Any CPU
		{6F75D7FE-0A2C-4586-8152-D25AA61E6CA9}.Release|x86.Build.0 = Release|Any CPU
		{203933AC-8B6F-4E0D-BEAA-8FBFDB488ED6}.Debug|Any CPU.ActiveCfg = Debug|Any CPU
		{203933AC-8B6F-4E0D-BEAA-8FBFDB488ED6}.Debug|Any CPU.Build.0 = Debug|Any CPU
		{203933AC-8B6F-4E0D-BEAA-8FBFDB488ED6}.Debug|x64.ActiveCfg = Debug|Any CPU
		{203933AC-8B6F-4E0D-BEAA-8FBFDB488ED6}.Debug|x64.Build.0 = Debug|Any CPU
		{203933AC-8B6F-4E0D-BEAA-8FBFDB488ED6}.Debug|x86.ActiveCfg = Debug|Any CPU
		{203933AC-8B6F-4E0D-BEAA-8FBFDB488ED6}.Debug|x86.Build.0 = Debug|Any CPU
		{203933AC-8B6F-4E0D-BEAA-8FBFDB488ED6}.Release|Any CPU.ActiveCfg = Release|Any CPU
		{203933AC-8B6F-4E0D-BEAA-8FBFDB488ED6}.Release|Any CPU.Build.0 = Release|Any CPU
		{203933AC-8B6F-4E0D-BEAA-8FBFDB488ED6}.Release|x64.ActiveCfg = Release|Any CPU
		{203933AC-8B6F-4E0D-BEAA-8FBFDB488ED6}.Release|x64.Build.0 = Release|Any CPU
		{203933AC-8B6F-4E0D-BEAA-8FBFDB488ED6}.Release|x86.ActiveCfg = Release|Any CPU
		{203933AC-8B6F-4E0D-BEAA-8FBFDB488ED6}.Release|x86.Build.0 = Release|Any CPU
		{E3FA5C13-FD73-457B-85F2-30D8BA0CCA82}.Debug|Any CPU.ActiveCfg = Debug|Any CPU
		{E3FA5C13-FD73-457B-85F2-30D8BA0CCA82}.Debug|Any CPU.Build.0 = Debug|Any CPU
		{E3FA5C13-FD73-457B-85F2-30D8BA0CCA82}.Debug|x64.ActiveCfg = Debug|Any CPU
		{E3FA5C13-FD73-457B-85F2-30D8BA0CCA82}.Debug|x64.Build.0 = Debug|Any CPU
		{E3FA5C13-FD73-457B-85F2-30D8BA0CCA82}.Debug|x86.ActiveCfg = Debug|Any CPU
		{E3FA5C13-FD73-457B-85F2-30D8BA0CCA82}.Debug|x86.Build.0 = Debug|Any CPU
		{E3FA5C13-FD73-457B-85F2-30D8BA0CCA82}.Release|Any CPU.ActiveCfg = Release|Any CPU
		{E3FA5C13-FD73-457B-85F2-30D8BA0CCA82}.Release|Any CPU.Build.0 = Release|Any CPU
		{E3FA5C13-FD73-457B-85F2-30D8BA0CCA82}.Release|x64.ActiveCfg = Release|Any CPU
		{E3FA5C13-FD73-457B-85F2-30D8BA0CCA82}.Release|x64.Build.0 = Release|Any CPU
		{E3FA5C13-FD73-457B-85F2-30D8BA0CCA82}.Release|x86.ActiveCfg = Release|Any CPU
		{E3FA5C13-FD73-457B-85F2-30D8BA0CCA82}.Release|x86.Build.0 = Release|Any CPU
		{E71AD039-BF32-48A0-8BA7-14AA09082B52}.Debug|Any CPU.ActiveCfg = Debug|Any CPU
		{E71AD039-BF32-48A0-8BA7-14AA09082B52}.Debug|Any CPU.Build.0 = Debug|Any CPU
		{E71AD039-BF32-48A0-8BA7-14AA09082B52}.Debug|x64.ActiveCfg = Debug|Any CPU
		{E71AD039-BF32-48A0-8BA7-14AA09082B52}.Debug|x64.Build.0 = Debug|Any CPU
		{E71AD039-BF32-48A0-8BA7-14AA09082B52}.Debug|x86.ActiveCfg = Debug|Any CPU
		{E71AD039-BF32-48A0-8BA7-14AA09082B52}.Debug|x86.Build.0 = Debug|Any CPU
		{E71AD039-BF32-48A0-8BA7-14AA09082B52}.Release|Any CPU.ActiveCfg = Release|Any CPU
		{E71AD039-BF32-48A0-8BA7-14AA09082B52}.Release|Any CPU.Build.0 = Release|Any CPU
		{E71AD039-BF32-48A0-8BA7-14AA09082B52}.Release|x64.ActiveCfg = Release|Any CPU
		{E71AD039-BF32-48A0-8BA7-14AA09082B52}.Release|x64.Build.0 = Release|Any CPU
		{E71AD039-BF32-48A0-8BA7-14AA09082B52}.Release|x86.ActiveCfg = Release|Any CPU
		{E71AD039-BF32-48A0-8BA7-14AA09082B52}.Release|x86.Build.0 = Release|Any CPU
	EndGlobalSection
	GlobalSection(SolutionProperties) = preSolution
		HideSolutionNode = FALSE
	EndGlobalSection
	GlobalSection(ExtensibilityGlobals) = postSolution
		SolutionGuid = {E645F9BA-8510-4B50-98F7-3740F27727CB}
	EndGlobalSection
EndGlobal
